<?xml version="1.0" encoding="utf-8"?>
<Project ToolsVersion="4.0" xmlns="http://schemas.microsoft.com/developer/msbuild/2003">
  <ItemGroup>
    <ClCompile Include="game.cpp" />
  </ItemGroup>
  <ItemGroup>
    <Filter Include="words">
      <UniqueIdentifier>{e292ea07-d252-4576-a21f-1b2f7da1a591}</UniqueIdentifier>
    </Filter>
  </ItemGroup>
  <ItemGroup>
    <Text Include="hard.txt">
      <Filter>words</Filter>
    </Text>
    <Text Include="medium.txt">
      <Filter>words</Filter>
    </Text>
    <Text Include="easy.txt">
      <Filter>words</Filter>
    </Text>
  </ItemGroup>
</Project>